// !$*UTF8*$!
{
	archiveVersion = 1;
	classes = {
	};
	objectVersion = 45;
	objects = {

/* Begin PBXBuildFile section */
		2038F1B11193664D0087CE37 /* GBWindowController.xib in Resources */ = {isa = PBXBuildFile; fileRef = 1DDD58290DA1D0D100B32029 /* GBWindowController.xib */; };
		2038F1B3119366660087CE37 /* InfoPlist.strings in Resources */ = {isa = PBXBuildFile; fileRef = 089C1660FE840EACC02AAC07 /* InfoPlist.strings */; };
		2038F1B7119366960087CE37 /* MainMenu.xib in Resources */ = {isa = PBXBuildFile; fileRef = 1DDD582B0DA1D0D100B32029 /* MainMenu.xib */; };
		2038F1DF11936B060087CE37 /* GBAppDelegate.m in Sources */ = {isa = PBXBuildFile; fileRef = 2038F1DE11936B060087CE37 /* GBAppDelegate.m */; };
		2038F21B11936FDE0087CE37 /* GBWindowController.m in Sources */ = {isa = PBXBuildFile; fileRef = 2038F21A11936FDE0087CE37 /* GBWindowController.m */; };
		2038F30C11952FCF0087CE37 /* GBRepository.m in Sources */ = {isa = PBXBuildFile; fileRef = 2038F30B11952FCF0087CE37 /* GBRepository.m */; };
		2038F39711953CB60087CE37 /* GBRef.m in Sources */ = {isa = PBXBuildFile; fileRef = 2038F39611953CB60087CE37 /* GBRef.m */; };
		2038F3E1119546E90087CE37 /* NSArray+OAArrayHelpers.m in Sources */ = {isa = PBXBuildFile; fileRef = 2038F3E0119546E90087CE37 /* NSArray+OAArrayHelpers.m */; };
		2038F3F4119548F60087CE37 /* NSObject+OALogging.m in Sources */ = {isa = PBXBuildFile; fileRef = 2038F3F3119548F60087CE37 /* NSObject+OALogging.m */; };
		2038F41D11954E000087CE37 /* NSAlert+OAAlertHelpers.m in Sources */ = {isa = PBXBuildFile; fileRef = 2038F41C11954E000087CE37 /* NSAlert+OAAlertHelpers.m */; };
		2038F558119751150087CE37 /* NSData+OADataHelpers.m in Sources */ = {isa = PBXBuildFile; fileRef = 2038F557119751150087CE37 /* NSData+OADataHelpers.m */; };
		2058FA4811982F5100FB018D /* RemotesController.xib in Resources */ = {isa = PBXBuildFile; fileRef = 2058FA4711982F5100FB018D /* RemotesController.xib */; };
		20B1621211944C0F00A709CF /* NSFileManager+OAFileManagerHelpers.m in Sources */ = {isa = PBXBuildFile; fileRef = 20B1621111944C0F00A709CF /* NSFileManager+OAFileManagerHelpers.m */; };
		8D15AC2C0486D014006FF6A4 /* Credits.rtf in Resources */ = {isa = PBXBuildFile; fileRef = 2A37F4B9FDCFA73011CA2CEA /* Credits.rtf */; };
		8D15AC320486D014006FF6A4 /* main.m in Sources */ = {isa = PBXBuildFile; fileRef = 2A37F4B0FDCFA73011CA2CEA /* main.m */; settings = {ATTRIBUTES = (); }; };
		8D15AC340486D014006FF6A4 /* Cocoa.framework in Frameworks */ = {isa = PBXBuildFile; fileRef = 1058C7A7FEA54F5311CA2CBB /* Cocoa.framework */; };
/* End PBXBuildFile section */

/* Begin PBXFileReference section */
		089C1660FE840EACC02AAC07 /* InfoPlist.strings */ = {isa = PBXFileReference; fileEncoding = 4; lastKnownFileType = text.plist.strings; path = InfoPlist.strings; sourceTree = "<group>"; };
		1058C7A7FEA54F5311CA2CBB /* Cocoa.framework */ = {isa = PBXFileReference; lastKnownFileType = wrapper.framework; name = Cocoa.framework; path = /System/Library/Frameworks/Cocoa.framework; sourceTree = "<absolute>"; };
		13E42FBA07B3F13500E4EEF1 /* CoreData.framework */ = {isa = PBXFileReference; lastKnownFileType = wrapper.framework; name = CoreData.framework; path = /System/Library/Frameworks/CoreData.framework; sourceTree = "<absolute>"; };
		1DDD58290DA1D0D100B32029 /* GBWindowController.xib */ = {isa = PBXFileReference; lastKnownFileType = file.xib; path = GBWindowController.xib; sourceTree = "<group>"; };
		1DDD582B0DA1D0D100B32029 /* MainMenu.xib */ = {isa = PBXFileReference; lastKnownFileType = file.xib; path = MainMenu.xib; sourceTree = "<group>"; };
		2038F1DD11936B060087CE37 /* GBAppDelegate.h */ = {isa = PBXFileReference; fileEncoding = 4; lastKnownFileType = sourcecode.c.h; path = GBAppDelegate.h; sourceTree = "<group>"; };
		2038F1DE11936B060087CE37 /* GBAppDelegate.m */ = {isa = PBXFileReference; fileEncoding = 4; lastKnownFileType = sourcecode.c.objc; path = GBAppDelegate.m; sourceTree = "<group>"; };
		2038F1EA11936CA50087CE37 /* README */ = {isa = PBXFileReference; fileEncoding = 4; lastKnownFileType = text; path = README; sourceTree = "<group>"; };
		2038F21911936FDE0087CE37 /* GBWindowController.h */ = {isa = PBXFileReference; fileEncoding = 4; lastKnownFileType = sourcecode.c.h; path = GBWindowController.h; sourceTree = "<group>"; };
		2038F21A11936FDE0087CE37 /* GBWindowController.m */ = {isa = PBXFileReference; fileEncoding = 4; lastKnownFileType = sourcecode.c.objc; path = GBWindowController.m; sourceTree = "<group>"; };
		2038F30A11952FCF0087CE37 /* GBRepository.h */ = {isa = PBXFileReference; fileEncoding = 4; lastKnownFileType = sourcecode.c.h; path = GBRepository.h; sourceTree = "<group>"; };
		2038F30B11952FCF0087CE37 /* GBRepository.m */ = {isa = PBXFileReference; fileEncoding = 4; lastKnownFileType = sourcecode.c.objc; path = GBRepository.m; sourceTree = "<group>"; };
		2038F39511953CB60087CE37 /* GBRef.h */ = {isa = PBXFileReference; fileEncoding = 4; lastKnownFileType = sourcecode.c.h; path = GBRef.h; sourceTree = "<group>"; };
		2038F39611953CB60087CE37 /* GBRef.m */ = {isa = PBXFileReference; fileEncoding = 4; lastKnownFileType = sourcecode.c.objc; path = GBRef.m; sourceTree = "<group>"; };
		2038F3DF119546E90087CE37 /* NSArray+OAArrayHelpers.h */ = {isa = PBXFileReference; fileEncoding = 4; lastKnownFileType = sourcecode.c.h; path = "NSArray+OAArrayHelpers.h"; sourceTree = "<group>"; };
		2038F3E0119546E90087CE37 /* NSArray+OAArrayHelpers.m */ = {isa = PBXFileReference; fileEncoding = 4; lastKnownFileType = sourcecode.c.objc; path = "NSArray+OAArrayHelpers.m"; sourceTree = "<group>"; };
		2038F3F2119548F60087CE37 /* NSObject+OALogging.h */ = {isa = PBXFileReference; fileEncoding = 4; lastKnownFileType = sourcecode.c.h; path = "NSObject+OALogging.h"; sourceTree = "<group>"; };
		2038F3F3119548F60087CE37 /* NSObject+OALogging.m */ = {isa = PBXFileReference; fileEncoding = 4; lastKnownFileType = sourcecode.c.objc; path = "NSObject+OALogging.m"; sourceTree = "<group>"; };
		2038F41B11954E000087CE37 /* NSAlert+OAAlertHelpers.h */ = {isa = PBXFileReference; fileEncoding = 4; lastKnownFileType = sourcecode.c.h; path = "NSAlert+OAAlertHelpers.h"; sourceTree = "<group>"; };
		2038F41C11954E000087CE37 /* NSAlert+OAAlertHelpers.m */ = {isa = PBXFileReference; fileEncoding = 4; lastKnownFileType = sourcecode.c.objc; path = "NSAlert+OAAlertHelpers.m"; sourceTree = "<group>"; };
		2038F556119751150087CE37 /* NSData+OADataHelpers.h */ = {isa = PBXFileReference; fileEncoding = 4; lastKnownFileType = sourcecode.c.h; path = "NSData+OADataHelpers.h"; sourceTree = "<group>"; };
		2038F557119751150087CE37 /* NSData+OADataHelpers.m */ = {isa = PBXFileReference; fileEncoding = 4; lastKnownFileType = sourcecode.c.objc; path = "NSData+OADataHelpers.m"; sourceTree = "<group>"; };
		2058FA4711982F5100FB018D /* RemotesController.xib */ = {isa = PBXFileReference; lastKnownFileType = file.xib; path = RemotesController.xib; sourceTree = "<group>"; };
		20B1621011944C0F00A709CF /* NSFileManager+OAFileManagerHelpers.h */ = {isa = PBXFileReference; fileEncoding = 4; lastKnownFileType = sourcecode.c.h; path = "NSFileManager+OAFileManagerHelpers.h"; sourceTree = "<group>"; };
		20B1621111944C0F00A709CF /* NSFileManager+OAFileManagerHelpers.m */ = {isa = PBXFileReference; fileEncoding = 4; lastKnownFileType = sourcecode.c.objc; path = "NSFileManager+OAFileManagerHelpers.m"; sourceTree = "<group>"; };
		2564AD2C0F5327BB00F57823 /* prefix.pch */ = {isa = PBXFileReference; fileEncoding = 4; lastKnownFileType = sourcecode.c.h; path = prefix.pch; sourceTree = "<group>"; };
		2A37F4B0FDCFA73011CA2CEA /* main.m */ = {isa = PBXFileReference; fileEncoding = 4; lastKnownFileType = sourcecode.c.objc; path = main.m; sourceTree = "<group>"; };
		2A37F4BAFDCFA73011CA2CEA /* English */ = {isa = PBXFileReference; lastKnownFileType = text.rtf; name = English; path = English.lproj/Credits.rtf; sourceTree = "<group>"; };
		2A37F4C4FDCFA73011CA2CEA /* AppKit.framework */ = {isa = PBXFileReference; lastKnownFileType = wrapper.framework; name = AppKit.framework; path = /System/Library/Frameworks/AppKit.framework; sourceTree = "<absolute>"; };
		2A37F4C5FDCFA73011CA2CEA /* Foundation.framework */ = {isa = PBXFileReference; lastKnownFileType = wrapper.framework; name = Foundation.framework; path = /System/Library/Frameworks/Foundation.framework; sourceTree = "<absolute>"; };
		8D15AC360486D014006FF6A4 /* info.plist */ = {isa = PBXFileReference; fileEncoding = 4; lastKnownFileType = text.plist.xml; path = info.plist; sourceTree = "<group>"; };
		8D15AC370486D014006FF6A4 /* Gitbox.app */ = {isa = PBXFileReference; explicitFileType = wrapper.application; includeInIndex = 0; path = Gitbox.app; sourceTree = BUILT_PRODUCTS_DIR; };
/* End PBXFileReference section */

/* Begin PBXFrameworksBuildPhase section */
		8D15AC330486D014006FF6A4 /* Frameworks */ = {
			isa = PBXFrameworksBuildPhase;
			buildActionMask = 2147483647;
			files = (
				8D15AC340486D014006FF6A4 /* Cocoa.framework in Frameworks */,
			);
			runOnlyForDeploymentPostprocessing = 0;
		};
/* End PBXFrameworksBuildPhase section */

/* Begin PBXGroup section */
		1058C7A6FEA54F5311CA2CBB /* Linked Frameworks */ = {
			isa = PBXGroup;
			children = (
				1058C7A7FEA54F5311CA2CBB /* Cocoa.framework */,
			);
			name = "Linked Frameworks";
			sourceTree = "<group>";
		};
		1058C7A8FEA54F5311CA2CBB /* Other Frameworks */ = {
			isa = PBXGroup;
			children = (
				2A37F4C4FDCFA73011CA2CEA /* AppKit.framework */,
				13E42FBA07B3F13500E4EEF1 /* CoreData.framework */,
				2A37F4C5FDCFA73011CA2CEA /* Foundation.framework */,
			);
			name = "Other Frameworks";
			sourceTree = "<group>";
		};
		19C28FB0FE9D524F11CA2CBB /* Products */ = {
			isa = PBXGroup;
			children = (
				8D15AC370486D014006FF6A4 /* Gitbox.app */,
			);
			name = Products;
			sourceTree = "<group>";
		};
		2038F30811952FAE0087CE37 /* Models */ = {
			isa = PBXGroup;
			children = (
				2038F30A11952FCF0087CE37 /* GBRepository.h */,
				2038F30B11952FCF0087CE37 /* GBRepository.m */,
				2038F39511953CB60087CE37 /* GBRef.h */,
				2038F39611953CB60087CE37 /* GBRef.m */,
			);
			name = Models;
			sourceTree = "<group>";
		};
		2038F30911952FB80087CE37 /* Controllers */ = {
			isa = PBXGroup;
			children = (
				2038F1DD11936B060087CE37 /* GBAppDelegate.h */,
				2038F1DE11936B060087CE37 /* GBAppDelegate.m */,
				2038F21911936FDE0087CE37 /* GBWindowController.h */,
				2038F21A11936FDE0087CE37 /* GBWindowController.m */,
			);
			name = Controllers;
			sourceTree = "<group>";
		};
		20B1620D11944B6900A709CF /* Libs */ = {
			isa = PBXGroup;
			children = (
				20B1621011944C0F00A709CF /* NSFileManager+OAFileManagerHelpers.h */,
				20B1621111944C0F00A709CF /* NSFileManager+OAFileManagerHelpers.m */,
				2038F3DF119546E90087CE37 /* NSArray+OAArrayHelpers.h */,
				2038F3E0119546E90087CE37 /* NSArray+OAArrayHelpers.m */,
				2038F3F2119548F60087CE37 /* NSObject+OALogging.h */,
				2038F3F3119548F60087CE37 /* NSObject+OALogging.m */,
				2038F41B11954E000087CE37 /* NSAlert+OAAlertHelpers.h */,
				2038F41C11954E000087CE37 /* NSAlert+OAAlertHelpers.m */,
				2038F556119751150087CE37 /* NSData+OADataHelpers.h */,
				2038F557119751150087CE37 /* NSData+OADataHelpers.m */,
			);
			name = Libs;
			sourceTree = "<group>";
		};
		2A37F4AAFDCFA73011CA2CEA /* gitbox */ = {
			isa = PBXGroup;
			children = (
				2A37F4ABFDCFA73011CA2CEA /* Classes */,
				2A37F4AFFDCFA73011CA2CEA /* Other Sources */,
				2A37F4B8FDCFA73011CA2CEA /* Resources */,
				2A37F4C3FDCFA73011CA2CEA /* Frameworks */,
				19C28FB0FE9D524F11CA2CBB /* Products */,
			);
			name = gitbox;
			sourceTree = "<group>";
		};
		2A37F4ABFDCFA73011CA2CEA /* Classes */ = {
			isa = PBXGroup;
			children = (
				2038F30911952FB80087CE37 /* Controllers */,
				2038F30811952FAE0087CE37 /* Models */,
				20B1620D11944B6900A709CF /* Libs */,
			);
			name = Classes;
			sourceTree = "<group>";
		};
		2A37F4AFFDCFA73011CA2CEA /* Other Sources */ = {
			isa = PBXGroup;
			children = (
				2564AD2C0F5327BB00F57823 /* prefix.pch */,
				2A37F4B0FDCFA73011CA2CEA /* main.m */,
			);
			name = "Other Sources";
			sourceTree = "<group>";
		};
		2A37F4B8FDCFA73011CA2CEA /* Resources */ = {
			isa = PBXGroup;
			children = (
				2038F1EA11936CA50087CE37 /* README */,
				2A37F4B9FDCFA73011CA2CEA /* Credits.rtf */,
				8D15AC360486D014006FF6A4 /* info.plist */,
				089C1660FE840EACC02AAC07 /* InfoPlist.strings */,
				1DDD58290DA1D0D100B32029 /* GBWindowController.xib */,
				1DDD582B0DA1D0D100B32029 /* MainMenu.xib */,
				2058FA4711982F5100FB018D /* RemotesController.xib */,
			);
			name = Resources;
			sourceTree = "<group>";
		};
		2A37F4C3FDCFA73011CA2CEA /* Frameworks */ = {
			isa = PBXGroup;
			children = (
				1058C7A6FEA54F5311CA2CBB /* Linked Frameworks */,
				1058C7A8FEA54F5311CA2CBB /* Other Frameworks */,
			);
			name = Frameworks;
			sourceTree = "<group>";
		};
/* End PBXGroup section */

/* Begin PBXNativeTarget section */
		8D15AC270486D014006FF6A4 /* gitbox */ = {
			isa = PBXNativeTarget;
			buildConfigurationList = C05733C708A9546B00998B17 /* Build configuration list for PBXNativeTarget "gitbox" */;
			buildPhases = (
				8D15AC2B0486D014006FF6A4 /* Resources */,
				8D15AC300486D014006FF6A4 /* Sources */,
				8D15AC330486D014006FF6A4 /* Frameworks */,
			);
			buildRules = (
			);
			dependencies = (
			);
			name = gitbox;
			productInstallPath = "$(HOME)/Applications";
			productName = gitbox;
			productReference = 8D15AC370486D014006FF6A4 /* Gitbox.app */;
			productType = "com.apple.product-type.application";
		};
/* End PBXNativeTarget section */

/* Begin PBXProject section */
		2A37F4A9FDCFA73011CA2CEA /* Project object */ = {
			isa = PBXProject;
			buildConfigurationList = C05733CB08A9546B00998B17 /* Build configuration list for PBXProject "gitbox" */;
			compatibilityVersion = "Xcode 3.1";
			hasScannedForEncodings = 1;
			mainGroup = 2A37F4AAFDCFA73011CA2CEA /* gitbox */;
			projectDirPath = "";
			projectRoot = "";
			targets = (
				8D15AC270486D014006FF6A4 /* gitbox */,
			);
		};
/* End PBXProject section */

/* Begin PBXResourcesBuildPhase section */
		8D15AC2B0486D014006FF6A4 /* Resources */ = {
			isa = PBXResourcesBuildPhase;
			buildActionMask = 2147483647;
			files = (
				8D15AC2C0486D014006FF6A4 /* Credits.rtf in Resources */,
				2038F1B3119366660087CE37 /* InfoPlist.strings in Resources */,
				2038F1B11193664D0087CE37 /* GBWindowController.xib in Resources */,
				2038F1B7119366960087CE37 /* MainMenu.xib in Resources */,
				2058FA4811982F5100FB018D /* RemotesController.xib in Resources */,
			);
			runOnlyForDeploymentPostprocessing = 0;
		};
/* End PBXResourcesBuildPhase section */

/* Begin PBXSourcesBuildPhase section */
		8D15AC300486D014006FF6A4 /* Sources */ = {
			isa = PBXSourcesBuildPhase;
			buildActionMask = 2147483647;
			files = (
				8D15AC320486D014006FF6A4 /* main.m in Sources */,
				2038F1DF11936B060087CE37 /* GBAppDelegate.m in Sources */,
				2038F21B11936FDE0087CE37 /* GBWindowController.m in Sources */,
				20B1621211944C0F00A709CF /* NSFileManager+OAFileManagerHelpers.m in Sources */,
				2038F30C11952FCF0087CE37 /* GBRepository.m in Sources */,
				2038F39711953CB60087CE37 /* GBRef.m in Sources */,
				2038F3E1119546E90087CE37 /* NSArray+OAArrayHelpers.m in Sources */,
				2038F3F4119548F60087CE37 /* NSObject+OALogging.m in Sources */,
				2038F41D11954E000087CE37 /* NSAlert+OAAlertHelpers.m in Sources */,
				2038F558119751150087CE37 /* NSData+OADataHelpers.m in Sources */,
			);
			runOnlyForDeploymentPostprocessing = 0;
		};
/* End PBXSourcesBuildPhase section */

/* Begin PBXVariantGroup section */
		2A37F4B9FDCFA73011CA2CEA /* Credits.rtf */ = {
			isa = PBXVariantGroup;
			children = (
				2A37F4BAFDCFA73011CA2CEA /* English */,
			);
			name = Credits.rtf;
			sourceTree = "<group>";
		};
/* End PBXVariantGroup section */

/* Begin XCBuildConfiguration section */
		C05733C808A9546B00998B17 /* Debug */ = {
			isa = XCBuildConfiguration;
			buildSettings = {
				ALWAYS_SEARCH_USER_PATHS = NO;
				COPY_PHASE_STRIP = NO;
				GCC_DYNAMIC_NO_PIC = NO;
				GCC_ENABLE_FIX_AND_CONTINUE = YES;
				GCC_MODEL_TUNING = G5;
				GCC_OPTIMIZATION_LEVEL = 0;
				GCC_PRECOMPILE_PREFIX_HEADER = YES;
				GCC_PREFIX_HEADER = prefix.pch;
				INFOPLIST_FILE = info.plist;
				INSTALL_PATH = "$(HOME)/Applications";
				PRODUCT_NAME = Gitbox;
			};
			name = Debug;
		};
		C05733C908A9546B00998B17 /* Release */ = {
			isa = XCBuildConfiguration;
			buildSettings = {
				ALWAYS_SEARCH_USER_PATHS = NO;
				DEBUG_INFORMATION_FORMAT = "dwarf-with-dsym";
				GCC_MODEL_TUNING = G5;
				GCC_PRECOMPILE_PREFIX_HEADER = YES;
				GCC_PREFIX_HEADER = prefix.pch;
				INFOPLIST_FILE = info.plist;
				INSTALL_PATH = "$(HOME)/Applications";
				PRODUCT_NAME = Gitbox;
			};
			name = Release;
		};
		C05733CC08A9546B00998B17 /* Debug */ = {
			isa = XCBuildConfiguration;
			buildSettings = {
				ARCHS = "$(ARCHS_STANDARD_32_64_BIT)";
				GCC_C_LANGUAGE_STANDARD = gnu99;
				GCC_OPTIMIZATION_LEVEL = 0;
				GCC_WARN_ABOUT_RETURN_TYPE = YES;
				GCC_WARN_UNUSED_VARIABLE = YES;
				ONLY_ACTIVE_ARCH = YES;
				PREBINDING = NO;
				SDKROOT = macosx10.6;
			};
			name = Debug;
		};
		C05733CD08A9546B00998B17 /* Release */ = {
			isa = XCBuildConfiguration;
			buildSettings = {
				ARCHS = "$(ARCHS_STANDARD_32_64_BIT)";
				GCC_C_LANGUAGE_STANDARD = gnu99;
				GCC_WARN_ABOUT_RETURN_TYPE = YES;
				GCC_WARN_UNUSED_VARIABLE = YES;
				PREBINDING = NO;
				SDKROOT = macosx10.6;
			};
			name = Release;
		};
/* End XCBuildConfiguration section */

/* Begin XCConfigurationList section */
		C05733C708A9546B00998B17 /* Build configuration list for PBXNativeTarget "gitbox" */ = {
			isa = XCConfigurationList;
			buildConfigurations = (
				C05733C808A9546B00998B17 /* Debug */,
				C05733C908A9546B00998B17 /* Release */,
			);
			defaultConfigurationIsVisible = 0;
			defaultConfigurationName = Release;
		};
		C05733CB08A9546B00998B17 /* Build configuration list for PBXProject "gitbox" */ = {
			isa = XCConfigurationList;
			buildConfigurations = (
				C05733CC08A9546B00998B17 /* Debug */,
				C05733CD08A9546B00998B17 /* Release */,
			);
			defaultConfigurationIsVisible = 0;
			defaultConfigurationName = Release;
		};
/* End XCConfigurationList section */
	};
	rootObject = 2A37F4A9FDCFA73011CA2CEA /* Project object */;
}
