// !$*UTF8*$!
{
	archiveVersion = 1;
	classes = {
	};
	objectVersion = 45;
	objects = {

/* Begin PBXBuildFile section */
		2010732F11A7E9C300EFDE56 /* app.icns in Resources */ = {isa = PBXBuildFile; fileRef = 2010732E11A7E9C300EFDE56 /* app.icns */; };
		201073B611A80A4600EFDE56 /* GBRemotesTask.m in Sources */ = {isa = PBXBuildFile; fileRef = 201073B511A80A4600EFDE56 /* GBRemotesTask.m */; };
		2038F1B11193664D0087CE37 /* GBRepositoryController.xib in Resources */ = {isa = PBXBuildFile; fileRef = 1DDD58290DA1D0D100B32029 /* GBRepositoryController.xib */; };
		2038F1B3119366660087CE37 /* InfoPlist.strings in Resources */ = {isa = PBXBuildFile; fileRef = 089C1660FE840EACC02AAC07 /* InfoPlist.strings */; };
		2038F1B7119366960087CE37 /* MainMenu.xib in Resources */ = {isa = PBXBuildFile; fileRef = 1DDD582B0DA1D0D100B32029 /* MainMenu.xib */; };
		2038F1DF11936B060087CE37 /* GBAppDelegate.m in Sources */ = {isa = PBXBuildFile; fileRef = 2038F1DE11936B060087CE37 /* GBAppDelegate.m */; };
		2038F21B11936FDE0087CE37 /* GBRepositoryController.m in Sources */ = {isa = PBXBuildFile; fileRef = 2038F21A11936FDE0087CE37 /* GBRepositoryController.m */; };
		2038F30C11952FCF0087CE37 /* GBRepository.m in Sources */ = {isa = PBXBuildFile; fileRef = 2038F30B11952FCF0087CE37 /* GBRepository.m */; };
		2038F39711953CB60087CE37 /* GBRef.m in Sources */ = {isa = PBXBuildFile; fileRef = 2038F39611953CB60087CE37 /* GBRef.m */; };
		2038F3E1119546E90087CE37 /* NSArray+OAArrayHelpers.m in Sources */ = {isa = PBXBuildFile; fileRef = 2038F3E0119546E90087CE37 /* NSArray+OAArrayHelpers.m */; };
		2038F41D11954E000087CE37 /* NSAlert+OAAlertHelpers.m in Sources */ = {isa = PBXBuildFile; fileRef = 2038F41C11954E000087CE37 /* NSAlert+OAAlertHelpers.m */; };
		2038F558119751150087CE37 /* NSData+OADataHelpers.m in Sources */ = {isa = PBXBuildFile; fileRef = 2038F557119751150087CE37 /* NSData+OADataHelpers.m */; };
		2038F5BA119879FA0087CE37 /* GBRemotesController.m in Sources */ = {isa = PBXBuildFile; fileRef = 2038F5B9119879FA0087CE37 /* GBRemotesController.m */; };
		2038F5F3119DB9CE0087CE37 /* GBChange.m in Sources */ = {isa = PBXBuildFile; fileRef = 2038F5F2119DB9CE0087CE37 /* GBChange.m */; };
		2038F604119DBBAB0087CE37 /* GBCommit.m in Sources */ = {isa = PBXBuildFile; fileRef = 2038F603119DBBAB0087CE37 /* GBCommit.m */; };
		2038F67811A025AF0087CE37 /* GBRemote.m in Sources */ = {isa = PBXBuildFile; fileRef = 2038F67711A025AF0087CE37 /* GBRemote.m */; };
		2038F6B711A02D550087CE37 /* GBStage.m in Sources */ = {isa = PBXBuildFile; fileRef = 2038F6B611A02D550087CE37 /* GBStage.m */; };
		2038F6C511A030F70087CE37 /* GBTask.m in Sources */ = {isa = PBXBuildFile; fileRef = 2038F6C411A030F70087CE37 /* GBTask.m */; };
		2038F76D11A04A290087CE37 /* NSString+OAGitHelpers.m in Sources */ = {isa = PBXBuildFile; fileRef = 2038F76C11A04A290087CE37 /* NSString+OAGitHelpers.m */; };
		2057EF0E11A9B00F009EDF2F /* GBRemoteBranchesTask.m in Sources */ = {isa = PBXBuildFile; fileRef = 2057EF0D11A9B00F009EDF2F /* GBRemoteBranchesTask.m */; };
		2058FA4811982F5100FB018D /* GBRemotesController.xib in Resources */ = {isa = PBXBuildFile; fileRef = 2058FA4711982F5100FB018D /* GBRemotesController.xib */; };
		2059792211A877A500E11A56 /* GBExtractFileTask.m in Sources */ = {isa = PBXBuildFile; fileRef = 2059792111A877A500E11A56 /* GBExtractFileTask.m */; };
		206A07BE11A33519003BB9E3 /* OATask.m in Sources */ = {isa = PBXBuildFile; fileRef = 206A07BD11A33519003BB9E3 /* OATask.m */; };
		206A088711A7AB36003BB9E3 /* OAActivityIndicator.m in Sources */ = {isa = PBXBuildFile; fileRef = 206A088611A7AB36003BB9E3 /* OAActivityIndicator.m */; };
		20B1621211944C0F00A709CF /* NSFileManager+OAFileManagerHelpers.m in Sources */ = {isa = PBXBuildFile; fileRef = 20B1621111944C0F00A709CF /* NSFileManager+OAFileManagerHelpers.m */; };
		20B8B64E11A444B6006D6442 /* OATaskManager.m in Sources */ = {isa = PBXBuildFile; fileRef = 20B8B64D11A444B6006D6442 /* OATaskManager.m */; };
		20B8B70C11A489F1006D6442 /* GBChangesTask.m in Sources */ = {isa = PBXBuildFile; fileRef = 20B8B70B11A489F1006D6442 /* GBChangesTask.m */; };
		20B8B70F11A48BF1006D6442 /* GBStagedChangesTask.m in Sources */ = {isa = PBXBuildFile; fileRef = 20B8B70E11A48BF1006D6442 /* GBStagedChangesTask.m */; };
		20B8B71211A48E3E006D6442 /* GBUnstagedChangesTask.m in Sources */ = {isa = PBXBuildFile; fileRef = 20B8B71111A48E3E006D6442 /* GBUnstagedChangesTask.m */; };
		20B8B72011A48F60006D6442 /* GBUntrackedChangesTask.m in Sources */ = {isa = PBXBuildFile; fileRef = 20B8B71F11A48F60006D6442 /* GBUntrackedChangesTask.m */; };
		20B8B7C211A49975006D6442 /* NSMenu+OAMenuHelpers.m in Sources */ = {isa = PBXBuildFile; fileRef = 20B8B7C111A49975006D6442 /* NSMenu+OAMenuHelpers.m */; };
		20B8B81311A49E8D006D6442 /* NSWindowController+OAWindowControllerHelpers.m in Sources */ = {isa = PBXBuildFile; fileRef = 20B8B81211A49E8D006D6442 /* NSWindowController+OAWindowControllerHelpers.m */; };
		20B8B83911A4A72A006D6442 /* GBPromptController.xib in Resources */ = {isa = PBXBuildFile; fileRef = 20B8B83811A4A72A006D6442 /* GBPromptController.xib */; };
		20B8B83D11A4A776006D6442 /* GBPromptController.m in Sources */ = {isa = PBXBuildFile; fileRef = 20B8B83C11A4A776006D6442 /* GBPromptController.m */; };
		20B8B84811A4AAF2006D6442 /* NSString+OAStringHelpers.m in Sources */ = {isa = PBXBuildFile; fileRef = 20B8B84711A4AAF2006D6442 /* NSString+OAStringHelpers.m */; };
		8D15AC2C0486D014006FF6A4 /* Credits.rtf in Resources */ = {isa = PBXBuildFile; fileRef = 2A37F4B9FDCFA73011CA2CEA /* Credits.rtf */; };
		8D15AC320486D014006FF6A4 /* main.m in Sources */ = {isa = PBXBuildFile; fileRef = 2A37F4B0FDCFA73011CA2CEA /* main.m */; settings = {ATTRIBUTES = (); }; };
		8D15AC340486D014006FF6A4 /* Cocoa.framework in Frameworks */ = {isa = PBXBuildFile; fileRef = 1058C7A7FEA54F5311CA2CBB /* Cocoa.framework */; };
/* End PBXBuildFile section */

/* Begin PBXFileReference section */
		089C1660FE840EACC02AAC07 /* InfoPlist.strings */ = {isa = PBXFileReference; fileEncoding = 4; lastKnownFileType = text.plist.strings; path = InfoPlist.strings; sourceTree = "<group>"; };
		1058C7A7FEA54F5311CA2CBB /* Cocoa.framework */ = {isa = PBXFileReference; lastKnownFileType = wrapper.framework; name = Cocoa.framework; path = /System/Library/Frameworks/Cocoa.framework; sourceTree = "<absolute>"; };
		13E42FBA07B3F13500E4EEF1 /* CoreData.framework */ = {isa = PBXFileReference; lastKnownFileType = wrapper.framework; name = CoreData.framework; path = /System/Library/Frameworks/CoreData.framework; sourceTree = "<absolute>"; };
		1DDD58290DA1D0D100B32029 /* GBRepositoryController.xib */ = {isa = PBXFileReference; lastKnownFileType = file.xib; path = GBRepositoryController.xib; sourceTree = "<group>"; };
		1DDD582B0DA1D0D100B32029 /* MainMenu.xib */ = {isa = PBXFileReference; lastKnownFileType = file.xib; path = MainMenu.xib; sourceTree = "<group>"; };
		2010732E11A7E9C300EFDE56 /* app.icns */ = {isa = PBXFileReference; lastKnownFileType = image.icns; path = app.icns; sourceTree = "<group>"; };
		201073B411A80A4600EFDE56 /* GBRemotesTask.h */ = {isa = PBXFileReference; fileEncoding = 4; lastKnownFileType = sourcecode.c.h; path = GBRemotesTask.h; sourceTree = "<group>"; };
		201073B511A80A4600EFDE56 /* GBRemotesTask.m */ = {isa = PBXFileReference; fileEncoding = 4; lastKnownFileType = sourcecode.c.objc; path = GBRemotesTask.m; sourceTree = "<group>"; };
		2038F1DD11936B060087CE37 /* GBAppDelegate.h */ = {isa = PBXFileReference; fileEncoding = 4; lastKnownFileType = sourcecode.c.h; path = GBAppDelegate.h; sourceTree = "<group>"; };
		2038F1DE11936B060087CE37 /* GBAppDelegate.m */ = {isa = PBXFileReference; fileEncoding = 4; lastKnownFileType = sourcecode.c.objc; path = GBAppDelegate.m; sourceTree = "<group>"; };
		2038F1EA11936CA50087CE37 /* README */ = {isa = PBXFileReference; fileEncoding = 4; lastKnownFileType = text; path = README; sourceTree = "<group>"; };
		2038F21911936FDE0087CE37 /* GBRepositoryController.h */ = {isa = PBXFileReference; fileEncoding = 4; lastKnownFileType = sourcecode.c.h; path = GBRepositoryController.h; sourceTree = "<group>"; };
		2038F21A11936FDE0087CE37 /* GBRepositoryController.m */ = {isa = PBXFileReference; fileEncoding = 4; lastKnownFileType = sourcecode.c.objc; path = GBRepositoryController.m; sourceTree = "<group>"; };
		2038F30A11952FCF0087CE37 /* GBRepository.h */ = {isa = PBXFileReference; fileEncoding = 4; lastKnownFileType = sourcecode.c.h; path = GBRepository.h; sourceTree = "<group>"; };
		2038F30B11952FCF0087CE37 /* GBRepository.m */ = {isa = PBXFileReference; fileEncoding = 4; lastKnownFileType = sourcecode.c.objc; path = GBRepository.m; sourceTree = "<group>"; };
		2038F39511953CB60087CE37 /* GBRef.h */ = {isa = PBXFileReference; fileEncoding = 4; lastKnownFileType = sourcecode.c.h; path = GBRef.h; sourceTree = "<group>"; };
		2038F39611953CB60087CE37 /* GBRef.m */ = {isa = PBXFileReference; fileEncoding = 4; lastKnownFileType = sourcecode.c.objc; path = GBRef.m; sourceTree = "<group>"; };
		2038F3DF119546E90087CE37 /* NSArray+OAArrayHelpers.h */ = {isa = PBXFileReference; fileEncoding = 4; lastKnownFileType = sourcecode.c.h; path = "NSArray+OAArrayHelpers.h"; sourceTree = "<group>"; };
		2038F3E0119546E90087CE37 /* NSArray+OAArrayHelpers.m */ = {isa = PBXFileReference; fileEncoding = 4; lastKnownFileType = sourcecode.c.objc; path = "NSArray+OAArrayHelpers.m"; sourceTree = "<group>"; };
		2038F41B11954E000087CE37 /* NSAlert+OAAlertHelpers.h */ = {isa = PBXFileReference; fileEncoding = 4; lastKnownFileType = sourcecode.c.h; path = "NSAlert+OAAlertHelpers.h"; sourceTree = "<group>"; };
		2038F41C11954E000087CE37 /* NSAlert+OAAlertHelpers.m */ = {isa = PBXFileReference; fileEncoding = 4; lastKnownFileType = sourcecode.c.objc; path = "NSAlert+OAAlertHelpers.m"; sourceTree = "<group>"; };
		2038F556119751150087CE37 /* NSData+OADataHelpers.h */ = {isa = PBXFileReference; fileEncoding = 4; lastKnownFileType = sourcecode.c.h; path = "NSData+OADataHelpers.h"; sourceTree = "<group>"; };
		2038F557119751150087CE37 /* NSData+OADataHelpers.m */ = {isa = PBXFileReference; fileEncoding = 4; lastKnownFileType = sourcecode.c.objc; path = "NSData+OADataHelpers.m"; sourceTree = "<group>"; };
		2038F5B8119879FA0087CE37 /* GBRemotesController.h */ = {isa = PBXFileReference; fileEncoding = 4; lastKnownFileType = sourcecode.c.h; path = GBRemotesController.h; sourceTree = "<group>"; };
		2038F5B9119879FA0087CE37 /* GBRemotesController.m */ = {isa = PBXFileReference; fileEncoding = 4; lastKnownFileType = sourcecode.c.objc; path = GBRemotesController.m; sourceTree = "<group>"; };
		2038F5F1119DB9CE0087CE37 /* GBChange.h */ = {isa = PBXFileReference; fileEncoding = 4; lastKnownFileType = sourcecode.c.h; path = GBChange.h; sourceTree = "<group>"; };
		2038F5F2119DB9CE0087CE37 /* GBChange.m */ = {isa = PBXFileReference; fileEncoding = 4; lastKnownFileType = sourcecode.c.objc; path = GBChange.m; sourceTree = "<group>"; };
		2038F602119DBBAB0087CE37 /* GBCommit.h */ = {isa = PBXFileReference; fileEncoding = 4; lastKnownFileType = sourcecode.c.h; path = GBCommit.h; sourceTree = "<group>"; };
		2038F603119DBBAB0087CE37 /* GBCommit.m */ = {isa = PBXFileReference; fileEncoding = 4; lastKnownFileType = sourcecode.c.objc; path = GBCommit.m; sourceTree = "<group>"; };
		2038F67611A025AF0087CE37 /* GBRemote.h */ = {isa = PBXFileReference; fileEncoding = 4; lastKnownFileType = sourcecode.c.h; path = GBRemote.h; sourceTree = "<group>"; };
		2038F67711A025AF0087CE37 /* GBRemote.m */ = {isa = PBXFileReference; fileEncoding = 4; lastKnownFileType = sourcecode.c.objc; path = GBRemote.m; sourceTree = "<group>"; };
		2038F6B511A02D550087CE37 /* GBStage.h */ = {isa = PBXFileReference; fileEncoding = 4; lastKnownFileType = sourcecode.c.h; path = GBStage.h; sourceTree = "<group>"; };
		2038F6B611A02D550087CE37 /* GBStage.m */ = {isa = PBXFileReference; fileEncoding = 4; lastKnownFileType = sourcecode.c.objc; path = GBStage.m; sourceTree = "<group>"; };
		2038F6C311A030F70087CE37 /* GBTask.h */ = {isa = PBXFileReference; fileEncoding = 4; lastKnownFileType = sourcecode.c.h; path = GBTask.h; sourceTree = "<group>"; };
		2038F6C411A030F70087CE37 /* GBTask.m */ = {isa = PBXFileReference; fileEncoding = 4; lastKnownFileType = sourcecode.c.objc; path = GBTask.m; sourceTree = "<group>"; };
		2038F76B11A04A290087CE37 /* NSString+OAGitHelpers.h */ = {isa = PBXFileReference; fileEncoding = 4; lastKnownFileType = sourcecode.c.h; path = "NSString+OAGitHelpers.h"; sourceTree = "<group>"; };
		2038F76C11A04A290087CE37 /* NSString+OAGitHelpers.m */ = {isa = PBXFileReference; fileEncoding = 4; lastKnownFileType = sourcecode.c.objc; path = "NSString+OAGitHelpers.m"; sourceTree = "<group>"; };
		2057EF0C11A9B00F009EDF2F /* GBRemoteBranchesTask.h */ = {isa = PBXFileReference; fileEncoding = 4; lastKnownFileType = sourcecode.c.h; path = GBRemoteBranchesTask.h; sourceTree = "<group>"; };
		2057EF0D11A9B00F009EDF2F /* GBRemoteBranchesTask.m */ = {isa = PBXFileReference; fileEncoding = 4; lastKnownFileType = sourcecode.c.objc; path = GBRemoteBranchesTask.m; sourceTree = "<group>"; };
		2058FA4711982F5100FB018D /* GBRemotesController.xib */ = {isa = PBXFileReference; lastKnownFileType = file.xib; path = GBRemotesController.xib; sourceTree = "<group>"; };
		2059792011A877A500E11A56 /* GBExtractFileTask.h */ = {isa = PBXFileReference; fileEncoding = 4; lastKnownFileType = sourcecode.c.h; path = GBExtractFileTask.h; sourceTree = "<group>"; };
		2059792111A877A500E11A56 /* GBExtractFileTask.m */ = {isa = PBXFileReference; fileEncoding = 4; lastKnownFileType = sourcecode.c.objc; path = GBExtractFileTask.m; sourceTree = "<group>"; };
		206A07BC11A33519003BB9E3 /* OATask.h */ = {isa = PBXFileReference; fileEncoding = 4; lastKnownFileType = sourcecode.c.h; path = OATask.h; sourceTree = "<group>"; };
		206A07BD11A33519003BB9E3 /* OATask.m */ = {isa = PBXFileReference; fileEncoding = 4; lastKnownFileType = sourcecode.c.objc; path = OATask.m; sourceTree = "<group>"; };
		206A088511A7AB36003BB9E3 /* OAActivityIndicator.h */ = {isa = PBXFileReference; fileEncoding = 4; lastKnownFileType = sourcecode.c.h; path = OAActivityIndicator.h; sourceTree = "<group>"; };
		206A088611A7AB36003BB9E3 /* OAActivityIndicator.m */ = {isa = PBXFileReference; fileEncoding = 4; lastKnownFileType = sourcecode.c.objc; path = OAActivityIndicator.m; sourceTree = "<group>"; };
		20B1621011944C0F00A709CF /* NSFileManager+OAFileManagerHelpers.h */ = {isa = PBXFileReference; fileEncoding = 4; lastKnownFileType = sourcecode.c.h; path = "NSFileManager+OAFileManagerHelpers.h"; sourceTree = "<group>"; };
		20B1621111944C0F00A709CF /* NSFileManager+OAFileManagerHelpers.m */ = {isa = PBXFileReference; fileEncoding = 4; lastKnownFileType = sourcecode.c.objc; path = "NSFileManager+OAFileManagerHelpers.m"; sourceTree = "<group>"; };
		20B8B64C11A444B6006D6442 /* OATaskManager.h */ = {isa = PBXFileReference; fileEncoding = 4; lastKnownFileType = sourcecode.c.h; path = OATaskManager.h; sourceTree = "<group>"; };
		20B8B64D11A444B6006D6442 /* OATaskManager.m */ = {isa = PBXFileReference; fileEncoding = 4; lastKnownFileType = sourcecode.c.objc; path = OATaskManager.m; sourceTree = "<group>"; };
		20B8B70A11A489F1006D6442 /* GBChangesTask.h */ = {isa = PBXFileReference; fileEncoding = 4; lastKnownFileType = sourcecode.c.h; path = GBChangesTask.h; sourceTree = "<group>"; };
		20B8B70B11A489F1006D6442 /* GBChangesTask.m */ = {isa = PBXFileReference; fileEncoding = 4; lastKnownFileType = sourcecode.c.objc; path = GBChangesTask.m; sourceTree = "<group>"; };
		20B8B70D11A48BF1006D6442 /* GBStagedChangesTask.h */ = {isa = PBXFileReference; fileEncoding = 4; lastKnownFileType = sourcecode.c.h; path = GBStagedChangesTask.h; sourceTree = "<group>"; };
		20B8B70E11A48BF1006D6442 /* GBStagedChangesTask.m */ = {isa = PBXFileReference; fileEncoding = 4; lastKnownFileType = sourcecode.c.objc; path = GBStagedChangesTask.m; sourceTree = "<group>"; };
		20B8B71011A48E3E006D6442 /* GBUnstagedChangesTask.h */ = {isa = PBXFileReference; fileEncoding = 4; lastKnownFileType = sourcecode.c.h; path = GBUnstagedChangesTask.h; sourceTree = "<group>"; };
		20B8B71111A48E3E006D6442 /* GBUnstagedChangesTask.m */ = {isa = PBXFileReference; fileEncoding = 4; lastKnownFileType = sourcecode.c.objc; path = GBUnstagedChangesTask.m; sourceTree = "<group>"; };
		20B8B71E11A48F60006D6442 /* GBUntrackedChangesTask.h */ = {isa = PBXFileReference; fileEncoding = 4; lastKnownFileType = sourcecode.c.h; path = GBUntrackedChangesTask.h; sourceTree = "<group>"; };
		20B8B71F11A48F60006D6442 /* GBUntrackedChangesTask.m */ = {isa = PBXFileReference; fileEncoding = 4; lastKnownFileType = sourcecode.c.objc; path = GBUntrackedChangesTask.m; sourceTree = "<group>"; };
		20B8B7C011A49975006D6442 /* NSMenu+OAMenuHelpers.h */ = {isa = PBXFileReference; fileEncoding = 4; lastKnownFileType = sourcecode.c.h; path = "NSMenu+OAMenuHelpers.h"; sourceTree = "<group>"; };
		20B8B7C111A49975006D6442 /* NSMenu+OAMenuHelpers.m */ = {isa = PBXFileReference; fileEncoding = 4; lastKnownFileType = sourcecode.c.objc; path = "NSMenu+OAMenuHelpers.m"; sourceTree = "<group>"; };
		20B8B81111A49E8D006D6442 /* NSWindowController+OAWindowControllerHelpers.h */ = {isa = PBXFileReference; fileEncoding = 4; lastKnownFileType = sourcecode.c.h; path = "NSWindowController+OAWindowControllerHelpers.h"; sourceTree = "<group>"; };
		20B8B81211A49E8D006D6442 /* NSWindowController+OAWindowControllerHelpers.m */ = {isa = PBXFileReference; fileEncoding = 4; lastKnownFileType = sourcecode.c.objc; path = "NSWindowController+OAWindowControllerHelpers.m"; sourceTree = "<group>"; };
		20B8B83811A4A72A006D6442 /* GBPromptController.xib */ = {isa = PBXFileReference; lastKnownFileType = file.xib; path = GBPromptController.xib; sourceTree = "<group>"; };
		20B8B83B11A4A776006D6442 /* GBPromptController.h */ = {isa = PBXFileReference; fileEncoding = 4; lastKnownFileType = sourcecode.c.h; path = GBPromptController.h; sourceTree = "<group>"; };
		20B8B83C11A4A776006D6442 /* GBPromptController.m */ = {isa = PBXFileReference; fileEncoding = 4; lastKnownFileType = sourcecode.c.objc; path = GBPromptController.m; sourceTree = "<group>"; };
		20B8B84611A4AAF2006D6442 /* NSString+OAStringHelpers.h */ = {isa = PBXFileReference; fileEncoding = 4; lastKnownFileType = sourcecode.c.h; path = "NSString+OAStringHelpers.h"; sourceTree = "<group>"; };
		20B8B84711A4AAF2006D6442 /* NSString+OAStringHelpers.m */ = {isa = PBXFileReference; fileEncoding = 4; lastKnownFileType = sourcecode.c.objc; path = "NSString+OAStringHelpers.m"; sourceTree = "<group>"; };
		20E59CE711A5C9EA00E7FB72 /* GBModels.h */ = {isa = PBXFileReference; fileEncoding = 4; lastKnownFileType = sourcecode.c.h; path = GBModels.h; sourceTree = "<group>"; };
		2564AD2C0F5327BB00F57823 /* prefix.pch */ = {isa = PBXFileReference; fileEncoding = 4; lastKnownFileType = sourcecode.c.h; path = prefix.pch; sourceTree = "<group>"; };
		2A37F4B0FDCFA73011CA2CEA /* main.m */ = {isa = PBXFileReference; fileEncoding = 4; lastKnownFileType = sourcecode.c.objc; path = main.m; sourceTree = "<group>"; };
		2A37F4BAFDCFA73011CA2CEA /* English */ = {isa = PBXFileReference; lastKnownFileType = text.rtf; name = English; path = English.lproj/Credits.rtf; sourceTree = "<group>"; };
		2A37F4C4FDCFA73011CA2CEA /* AppKit.framework */ = {isa = PBXFileReference; lastKnownFileType = wrapper.framework; name = AppKit.framework; path = /System/Library/Frameworks/AppKit.framework; sourceTree = "<absolute>"; };
		2A37F4C5FDCFA73011CA2CEA /* Foundation.framework */ = {isa = PBXFileReference; lastKnownFileType = wrapper.framework; name = Foundation.framework; path = /System/Library/Frameworks/Foundation.framework; sourceTree = "<absolute>"; };
		8D15AC360486D014006FF6A4 /* info.plist */ = {isa = PBXFileReference; fileEncoding = 4; lastKnownFileType = text.plist.xml; path = info.plist; sourceTree = "<group>"; };
		8D15AC370486D014006FF6A4 /* Gitbox.app */ = {isa = PBXFileReference; explicitFileType = wrapper.application; includeInIndex = 0; path = Gitbox.app; sourceTree = BUILT_PRODUCTS_DIR; };
/* End PBXFileReference section */

/* Begin PBXFrameworksBuildPhase section */
		8D15AC330486D014006FF6A4 /* Frameworks */ = {
			isa = PBXFrameworksBuildPhase;
			buildActionMask = 2147483647;
			files = (
				8D15AC340486D014006FF6A4 /* Cocoa.framework in Frameworks */,
			);
			runOnlyForDeploymentPostprocessing = 0;
		};
/* End PBXFrameworksBuildPhase section */

/* Begin PBXGroup section */
		1058C7A6FEA54F5311CA2CBB /* Linked Frameworks */ = {
			isa = PBXGroup;
			children = (
				1058C7A7FEA54F5311CA2CBB /* Cocoa.framework */,
			);
			name = "Linked Frameworks";
			sourceTree = "<group>";
		};
		1058C7A8FEA54F5311CA2CBB /* Other Frameworks */ = {
			isa = PBXGroup;
			children = (
				2A37F4C4FDCFA73011CA2CEA /* AppKit.framework */,
				13E42FBA07B3F13500E4EEF1 /* CoreData.framework */,
				2A37F4C5FDCFA73011CA2CEA /* Foundation.framework */,
			);
			name = "Other Frameworks";
			sourceTree = "<group>";
		};
		19C28FB0FE9D524F11CA2CBB /* Products */ = {
			isa = PBXGroup;
			children = (
				8D15AC370486D014006FF6A4 /* Gitbox.app */,
			);
			name = Products;
			sourceTree = "<group>";
		};
		2038F30811952FAE0087CE37 /* Models */ = {
			isa = PBXGroup;
			children = (
				20E59CE711A5C9EA00E7FB72 /* GBModels.h */,
				2038F30A11952FCF0087CE37 /* GBRepository.h */,
				2038F30B11952FCF0087CE37 /* GBRepository.m */,
				2038F39511953CB60087CE37 /* GBRef.h */,
				2038F39611953CB60087CE37 /* GBRef.m */,
				2038F602119DBBAB0087CE37 /* GBCommit.h */,
				2038F603119DBBAB0087CE37 /* GBCommit.m */,
				2038F6B511A02D550087CE37 /* GBStage.h */,
				2038F6B611A02D550087CE37 /* GBStage.m */,
				2038F5F1119DB9CE0087CE37 /* GBChange.h */,
				2038F5F2119DB9CE0087CE37 /* GBChange.m */,
				2038F67611A025AF0087CE37 /* GBRemote.h */,
				2038F67711A025AF0087CE37 /* GBRemote.m */,
			);
			name = Models;
			sourceTree = "<group>";
		};
		2038F30911952FB80087CE37 /* Controllers */ = {
			isa = PBXGroup;
			children = (
				2038F1DD11936B060087CE37 /* GBAppDelegate.h */,
				2038F1DE11936B060087CE37 /* GBAppDelegate.m */,
				2038F21911936FDE0087CE37 /* GBRepositoryController.h */,
				2038F21A11936FDE0087CE37 /* GBRepositoryController.m */,
				2038F5B8119879FA0087CE37 /* GBRemotesController.h */,
				2038F5B9119879FA0087CE37 /* GBRemotesController.m */,
				20B8B83B11A4A776006D6442 /* GBPromptController.h */,
				20B8B83C11A4A776006D6442 /* GBPromptController.m */,
			);
			name = Controllers;
			sourceTree = "<group>";
		};
		2038F6C611A030FF0087CE37 /* Tasks */ = {
			isa = PBXGroup;
			children = (
				206A07BC11A33519003BB9E3 /* OATask.h */,
				206A07BD11A33519003BB9E3 /* OATask.m */,
				20B8B64C11A444B6006D6442 /* OATaskManager.h */,
				20B8B64D11A444B6006D6442 /* OATaskManager.m */,
				2038F6C311A030F70087CE37 /* GBTask.h */,
				2038F6C411A030F70087CE37 /* GBTask.m */,
				20B8B70A11A489F1006D6442 /* GBChangesTask.h */,
				20B8B70B11A489F1006D6442 /* GBChangesTask.m */,
				20B8B70D11A48BF1006D6442 /* GBStagedChangesTask.h */,
				20B8B70E11A48BF1006D6442 /* GBStagedChangesTask.m */,
				20B8B71011A48E3E006D6442 /* GBUnstagedChangesTask.h */,
				20B8B71111A48E3E006D6442 /* GBUnstagedChangesTask.m */,
				20B8B71E11A48F60006D6442 /* GBUntrackedChangesTask.h */,
				20B8B71F11A48F60006D6442 /* GBUntrackedChangesTask.m */,
				201073B411A80A4600EFDE56 /* GBRemotesTask.h */,
				201073B511A80A4600EFDE56 /* GBRemotesTask.m */,
				2059792011A877A500E11A56 /* GBExtractFileTask.h */,
				2059792111A877A500E11A56 /* GBExtractFileTask.m */,
				2057EF0C11A9B00F009EDF2F /* GBRemoteBranchesTask.h */,
				2057EF0D11A9B00F009EDF2F /* GBRemoteBranchesTask.m */,
			);
			name = Tasks;
			sourceTree = "<group>";
		};
		20B1620D11944B6900A709CF /* Libs */ = {
			isa = PBXGroup;
			children = (
				20B1621011944C0F00A709CF /* NSFileManager+OAFileManagerHelpers.h */,
				20B1621111944C0F00A709CF /* NSFileManager+OAFileManagerHelpers.m */,
				2038F3DF119546E90087CE37 /* NSArray+OAArrayHelpers.h */,
				2038F3E0119546E90087CE37 /* NSArray+OAArrayHelpers.m */,
				2038F41B11954E000087CE37 /* NSAlert+OAAlertHelpers.h */,
				2038F41C11954E000087CE37 /* NSAlert+OAAlertHelpers.m */,
				2038F556119751150087CE37 /* NSData+OADataHelpers.h */,
				2038F557119751150087CE37 /* NSData+OADataHelpers.m */,
				20B8B84611A4AAF2006D6442 /* NSString+OAStringHelpers.h */,
				20B8B84711A4AAF2006D6442 /* NSString+OAStringHelpers.m */,
				2038F76B11A04A290087CE37 /* NSString+OAGitHelpers.h */,
				2038F76C11A04A290087CE37 /* NSString+OAGitHelpers.m */,
				20B8B7C011A49975006D6442 /* NSMenu+OAMenuHelpers.h */,
				20B8B7C111A49975006D6442 /* NSMenu+OAMenuHelpers.m */,
				20B8B81111A49E8D006D6442 /* NSWindowController+OAWindowControllerHelpers.h */,
				20B8B81211A49E8D006D6442 /* NSWindowController+OAWindowControllerHelpers.m */,
				206A088511A7AB36003BB9E3 /* OAActivityIndicator.h */,
				206A088611A7AB36003BB9E3 /* OAActivityIndicator.m */,
			);
			name = Libs;
			sourceTree = "<group>";
		};
		2A37F4AAFDCFA73011CA2CEA /* gitbox */ = {
			isa = PBXGroup;
			children = (
				2A37F4ABFDCFA73011CA2CEA /* Classes */,
				2A37F4AFFDCFA73011CA2CEA /* Other Sources */,
				2A37F4B8FDCFA73011CA2CEA /* Resources */,
				2A37F4C3FDCFA73011CA2CEA /* Frameworks */,
				19C28FB0FE9D524F11CA2CBB /* Products */,
			);
			name = gitbox;
			sourceTree = "<group>";
		};
		2A37F4ABFDCFA73011CA2CEA /* Classes */ = {
			isa = PBXGroup;
			children = (
				2038F30911952FB80087CE37 /* Controllers */,
				2038F30811952FAE0087CE37 /* Models */,
				2038F6C611A030FF0087CE37 /* Tasks */,
				20B1620D11944B6900A709CF /* Libs */,
			);
			name = Classes;
			sourceTree = "<group>";
		};
		2A37F4AFFDCFA73011CA2CEA /* Other Sources */ = {
			isa = PBXGroup;
			children = (
				2564AD2C0F5327BB00F57823 /* prefix.pch */,
				2A37F4B0FDCFA73011CA2CEA /* main.m */,
			);
			name = "Other Sources";
			sourceTree = "<group>";
		};
		2A37F4B8FDCFA73011CA2CEA /* Resources */ = {
			isa = PBXGroup;
			children = (
				2010732E11A7E9C300EFDE56 /* app.icns */,
				2038F1EA11936CA50087CE37 /* README */,
				2A37F4B9FDCFA73011CA2CEA /* Credits.rtf */,
				8D15AC360486D014006FF6A4 /* info.plist */,
				089C1660FE840EACC02AAC07 /* InfoPlist.strings */,
				1DDD582B0DA1D0D100B32029 /* MainMenu.xib */,
				1DDD58290DA1D0D100B32029 /* GBRepositoryController.xib */,
				2058FA4711982F5100FB018D /* GBRemotesController.xib */,
				20B8B83811A4A72A006D6442 /* GBPromptController.xib */,
			);
			name = Resources;
			sourceTree = "<group>";
		};
		2A37F4C3FDCFA73011CA2CEA /* Frameworks */ = {
			isa = PBXGroup;
			children = (
				1058C7A6FEA54F5311CA2CBB /* Linked Frameworks */,
				1058C7A8FEA54F5311CA2CBB /* Other Frameworks */,
			);
			name = Frameworks;
			sourceTree = "<group>";
		};
/* End PBXGroup section */

/* Begin PBXNativeTarget section */
		8D15AC270486D014006FF6A4 /* gitbox */ = {
			isa = PBXNativeTarget;
			buildConfigurationList = C05733C708A9546B00998B17 /* Build configuration list for PBXNativeTarget "gitbox" */;
			buildPhases = (
				8D15AC2B0486D014006FF6A4 /* Resources */,
				8D15AC300486D014006FF6A4 /* Sources */,
				8D15AC330486D014006FF6A4 /* Frameworks */,
			);
			buildRules = (
			);
			dependencies = (
			);
			name = gitbox;
			productInstallPath = "$(HOME)/Applications";
			productName = gitbox;
			productReference = 8D15AC370486D014006FF6A4 /* Gitbox.app */;
			productType = "com.apple.product-type.application";
		};
/* End PBXNativeTarget section */

/* Begin PBXProject section */
		2A37F4A9FDCFA73011CA2CEA /* Project object */ = {
			isa = PBXProject;
			buildConfigurationList = C05733CB08A9546B00998B17 /* Build configuration list for PBXProject "gitbox" */;
			compatibilityVersion = "Xcode 3.1";
			hasScannedForEncodings = 1;
			mainGroup = 2A37F4AAFDCFA73011CA2CEA /* gitbox */;
			projectDirPath = "";
			projectRoot = "";
			targets = (
				8D15AC270486D014006FF6A4 /* gitbox */,
			);
		};
/* End PBXProject section */

/* Begin PBXResourcesBuildPhase section */
		8D15AC2B0486D014006FF6A4 /* Resources */ = {
			isa = PBXResourcesBuildPhase;
			buildActionMask = 2147483647;
			files = (
				8D15AC2C0486D014006FF6A4 /* Credits.rtf in Resources */,
				2038F1B3119366660087CE37 /* InfoPlist.strings in Resources */,
				2038F1B11193664D0087CE37 /* GBRepositoryController.xib in Resources */,
				2038F1B7119366960087CE37 /* MainMenu.xib in Resources */,
				2058FA4811982F5100FB018D /* GBRemotesController.xib in Resources */,
				20B8B83911A4A72A006D6442 /* GBPromptController.xib in Resources */,
				2010732F11A7E9C300EFDE56 /* app.icns in Resources */,
			);
			runOnlyForDeploymentPostprocessing = 0;
		};
/* End PBXResourcesBuildPhase section */

/* Begin PBXSourcesBuildPhase section */
		8D15AC300486D014006FF6A4 /* Sources */ = {
			isa = PBXSourcesBuildPhase;
			buildActionMask = 2147483647;
			files = (
				8D15AC320486D014006FF6A4 /* main.m in Sources */,
				2038F1DF11936B060087CE37 /* GBAppDelegate.m in Sources */,
				2038F21B11936FDE0087CE37 /* GBRepositoryController.m in Sources */,
				20B1621211944C0F00A709CF /* NSFileManager+OAFileManagerHelpers.m in Sources */,
				2038F30C11952FCF0087CE37 /* GBRepository.m in Sources */,
				2038F39711953CB60087CE37 /* GBRef.m in Sources */,
				2038F3E1119546E90087CE37 /* NSArray+OAArrayHelpers.m in Sources */,
				2038F41D11954E000087CE37 /* NSAlert+OAAlertHelpers.m in Sources */,
				2038F558119751150087CE37 /* NSData+OADataHelpers.m in Sources */,
				2038F5BA119879FA0087CE37 /* GBRemotesController.m in Sources */,
				2038F5F3119DB9CE0087CE37 /* GBChange.m in Sources */,
				2038F604119DBBAB0087CE37 /* GBCommit.m in Sources */,
				2038F67811A025AF0087CE37 /* GBRemote.m in Sources */,
				2038F6B711A02D550087CE37 /* GBStage.m in Sources */,
				2038F6C511A030F70087CE37 /* GBTask.m in Sources */,
				2038F76D11A04A290087CE37 /* NSString+OAGitHelpers.m in Sources */,
				206A07BE11A33519003BB9E3 /* OATask.m in Sources */,
				20B8B64E11A444B6006D6442 /* OATaskManager.m in Sources */,
				20B8B70C11A489F1006D6442 /* GBChangesTask.m in Sources */,
				20B8B70F11A48BF1006D6442 /* GBStagedChangesTask.m in Sources */,
				20B8B71211A48E3E006D6442 /* GBUnstagedChangesTask.m in Sources */,
				20B8B72011A48F60006D6442 /* GBUntrackedChangesTask.m in Sources */,
				20B8B7C211A49975006D6442 /* NSMenu+OAMenuHelpers.m in Sources */,
				20B8B81311A49E8D006D6442 /* NSWindowController+OAWindowControllerHelpers.m in Sources */,
				20B8B83D11A4A776006D6442 /* GBPromptController.m in Sources */,
				20B8B84811A4AAF2006D6442 /* NSString+OAStringHelpers.m in Sources */,
				206A088711A7AB36003BB9E3 /* OAActivityIndicator.m in Sources */,
				201073B611A80A4600EFDE56 /* GBRemotesTask.m in Sources */,
				2059792211A877A500E11A56 /* GBExtractFileTask.m in Sources */,
				2057EF0E11A9B00F009EDF2F /* GBRemoteBranchesTask.m in Sources */,
			);
			runOnlyForDeploymentPostprocessing = 0;
		};
/* End PBXSourcesBuildPhase section */

/* Begin PBXVariantGroup section */
		2A37F4B9FDCFA73011CA2CEA /* Credits.rtf */ = {
			isa = PBXVariantGroup;
			children = (
				2A37F4BAFDCFA73011CA2CEA /* English */,
			);
			name = Credits.rtf;
			sourceTree = "<group>";
		};
/* End PBXVariantGroup section */

/* Begin XCBuildConfiguration section */
		C05733C808A9546B00998B17 /* Debug */ = {
			isa = XCBuildConfiguration;
			buildSettings = {
				ALWAYS_SEARCH_USER_PATHS = NO;
				COPY_PHASE_STRIP = NO;
				GCC_DYNAMIC_NO_PIC = NO;
				GCC_ENABLE_FIX_AND_CONTINUE = YES;
				GCC_MODEL_TUNING = G5;
				GCC_OPTIMIZATION_LEVEL = 0;
				GCC_PRECOMPILE_PREFIX_HEADER = YES;
				GCC_PREFIX_HEADER = prefix.pch;
				INFOPLIST_FILE = info.plist;
				INSTALL_PATH = "$(HOME)/Applications";
				PRODUCT_NAME = Gitbox;
			};
			name = Debug;
		};
		C05733C908A9546B00998B17 /* Release */ = {
			isa = XCBuildConfiguration;
			buildSettings = {
				ALWAYS_SEARCH_USER_PATHS = NO;
				DEBUG_INFORMATION_FORMAT = "dwarf-with-dsym";
				GCC_MODEL_TUNING = G5;
				GCC_PRECOMPILE_PREFIX_HEADER = YES;
				GCC_PREFIX_HEADER = prefix.pch;
				INFOPLIST_FILE = info.plist;
				INSTALL_PATH = "$(HOME)/Applications";
				PRODUCT_NAME = Gitbox;
			};
			name = Release;
		};
		C05733CC08A9546B00998B17 /* Debug */ = {
			isa = XCBuildConfiguration;
			buildSettings = {
				ARCHS = "$(ARCHS_STANDARD_32_64_BIT)";
				GCC_C_LANGUAGE_STANDARD = gnu99;
				GCC_OPTIMIZATION_LEVEL = 0;
				GCC_WARN_ABOUT_RETURN_TYPE = YES;
				GCC_WARN_UNUSED_VARIABLE = YES;
				ONLY_ACTIVE_ARCH = YES;
				PREBINDING = NO;
				SDKROOT = macosx10.6;
			};
			name = Debug;
		};
		C05733CD08A9546B00998B17 /* Release */ = {
			isa = XCBuildConfiguration;
			buildSettings = {
				ARCHS = "$(ARCHS_STANDARD_32_64_BIT)";
				GCC_C_LANGUAGE_STANDARD = gnu99;
				GCC_WARN_ABOUT_RETURN_TYPE = YES;
				GCC_WARN_UNUSED_VARIABLE = YES;
				PREBINDING = NO;
				SDKROOT = macosx10.6;
			};
			name = Release;
		};
/* End XCBuildConfiguration section */

/* Begin XCConfigurationList section */
		C05733C708A9546B00998B17 /* Build configuration list for PBXNativeTarget "gitbox" */ = {
			isa = XCConfigurationList;
			buildConfigurations = (
				C05733C808A9546B00998B17 /* Debug */,
				C05733C908A9546B00998B17 /* Release */,
			);
			defaultConfigurationIsVisible = 0;
			defaultConfigurationName = Release;
		};
		C05733CB08A9546B00998B17 /* Build configuration list for PBXProject "gitbox" */ = {
			isa = XCConfigurationList;
			buildConfigurations = (
				C05733CC08A9546B00998B17 /* Debug */,
				C05733CD08A9546B00998B17 /* Release */,
			);
			defaultConfigurationIsVisible = 0;
			defaultConfigurationName = Release;
		};
/* End XCConfigurationList section */
	};
	rootObject = 2A37F4A9FDCFA73011CA2CEA /* Project object */;
}
